// !$*UTF8*$!
{
	archiveVersion = 1;
	classes = {
	};
	objectVersion = 56;
	objects = {

/* Begin PBXBuildFile section */
		3B1CB3552BA28D5C006DCFAF /* GithubUserApiApp.swift in Sources */ = {isa = PBXBuildFile; fileRef = 3B1CB3542BA28D5C006DCFAF /* GithubUserApiApp.swift */; };
		3B1CB3572BA28D5C006DCFAF /* ContentView.swift in Sources */ = {isa = PBXBuildFile; fileRef = 3B1CB3562BA28D5C006DCFAF /* ContentView.swift */; };
		3B1CB3592BA28D5D006DCFAF /* Assets.xcassets in Resources */ = {isa = PBXBuildFile; fileRef = 3B1CB3582BA28D5D006DCFAF /* Assets.xcassets */; };
		3B1CB35C2BA28D5D006DCFAF /* Preview Assets.xcassets in Resources */ = {isa = PBXBuildFile; fileRef = 3B1CB35B2BA28D5D006DCFAF /* Preview Assets.xcassets */; };
		3B1CB3662BA28D5E006DCFAF /* GithubUserApiTests.swift in Sources */ = {isa = PBXBuildFile; fileRef = 3B1CB3652BA28D5E006DCFAF /* GithubUserApiTests.swift */; };
		3B1CB3702BA28D5E006DCFAF /* GithubUserApiUITests.swift in Sources */ = {isa = PBXBuildFile; fileRef = 3B1CB36F2BA28D5E006DCFAF /* GithubUserApiUITests.swift */; };
		3B1CB3722BA28D5E006DCFAF /* GithubUserApiUITestsLaunchTests.swift in Sources */ = {isa = PBXBuildFile; fileRef = 3B1CB3712BA28D5E006DCFAF /* GithubUserApiUITestsLaunchTests.swift */; };
		3B46A0642BA38AAE007A423A /* listofUsers .swift in Sources */ = {isa = PBXBuildFile; fileRef = 3B46A0632BA38AAE007A423A /* listofUsers .swift */; };
		3B46A0672BA38DEC007A423A /* ViewModel.swift in Sources */ = {isa = PBXBuildFile; fileRef = 3B46A0662BA38DEC007A423A /* ViewModel.swift */; };
		3B46A06C2BB48BA0007A423A /* DetailView.swift in Sources */ = {isa = PBXBuildFile; fileRef = 3B46A06B2BB48BA0007A423A /* DetailView.swift */; };
/* End PBXBuildFile section */

/* Begin PBXContainerItemProxy section */
		3B1CB3622BA28D5E006DCFAF /* PBXContainerItemProxy */ = {
			isa = PBXContainerItemProxy;
			containerPortal = 3B1CB3492BA28D5B006DCFAF /* Project object */;
			proxyType = 1;
			remoteGlobalIDString = 3B1CB3502BA28D5B006DCFAF;
			remoteInfo = GithubUserApi;
		};
		3B1CB36C2BA28D5E006DCFAF /* PBXContainerItemProxy */ = {
			isa = PBXContainerItemProxy;
			containerPortal = 3B1CB3492BA28D5B006DCFAF /* Project object */;
			proxyType = 1;
			remoteGlobalIDString = 3B1CB3502BA28D5B006DCFAF;
			remoteInfo = GithubUserApi;
		};
/* End PBXContainerItemProxy section */

/* Begin PBXFileReference section */
		3B1CB3512BA28D5C006DCFAF /* GithubUserApi.app */ = {isa = PBXFileReference; explicitFileType = wrapper.application; includeInIndex = 0; path = GithubUserApi.app; sourceTree = BUILT_PRODUCTS_DIR; };
		3B1CB3542BA28D5C006DCFAF /* GithubUserApiApp.swift */ = {isa = PBXFileReference; lastKnownFileType = sourcecode.swift; path = GithubUserApiApp.swift; sourceTree = "<group>"; };
		3B1CB3562BA28D5C006DCFAF /* ContentView.swift */ = {isa = PBXFileReference; lastKnownFileType = sourcecode.swift; path = ContentView.swift; sourceTree = "<group>"; };
		3B1CB3582BA28D5D006DCFAF /* Assets.xcassets */ = {isa = PBXFileReference; lastKnownFileType = folder.assetcatalog; path = Assets.xcassets; sourceTree = "<group>"; };
		3B1CB35B2BA28D5D006DCFAF /* Preview Assets.xcassets */ = {isa = PBXFileReference; lastKnownFileType = folder.assetcatalog; path = "Preview Assets.xcassets"; sourceTree = "<group>"; };
		3B1CB3612BA28D5E006DCFAF /* GithubUserApiTests.xctest */ = {isa = PBXFileReference; explicitFileType = wrapper.cfbundle; includeInIndex = 0; path = GithubUserApiTests.xctest; sourceTree = BUILT_PRODUCTS_DIR; };
		3B1CB3652BA28D5E006DCFAF /* GithubUserApiTests.swift */ = {isa = PBXFileReference; lastKnownFileType = sourcecode.swift; path = GithubUserApiTests.swift; sourceTree = "<group>"; };
		3B1CB36B2BA28D5E006DCFAF /* GithubUserApiUITests.xctest */ = {isa = PBXFileReference; explicitFileType = wrapper.cfbundle; includeInIndex = 0; path = GithubUserApiUITests.xctest; sourceTree = BUILT_PRODUCTS_DIR; };
		3B1CB36F2BA28D5E006DCFAF /* GithubUserApiUITests.swift */ = {isa = PBXFileReference; lastKnownFileType = sourcecode.swift; path = GithubUserApiUITests.swift; sourceTree = "<group>"; };
		3B1CB3712BA28D5E006DCFAF /* GithubUserApiUITestsLaunchTests.swift */ = {isa = PBXFileReference; lastKnownFileType = sourcecode.swift; path = GithubUserApiUITestsLaunchTests.swift; sourceTree = "<group>"; };
		3B46A0632BA38AAE007A423A /* listofUsers .swift */ = {isa = PBXFileReference; lastKnownFileType = sourcecode.swift; path = "listofUsers .swift"; sourceTree = "<group>"; };
		3B46A0662BA38DEC007A423A /* ViewModel.swift */ = {isa = PBXFileReference; lastKnownFileType = sourcecode.swift; path = ViewModel.swift; sourceTree = "<group>"; };
		3B46A06B2BB48BA0007A423A /* DetailView.swift */ = {isa = PBXFileReference; lastKnownFileType = sourcecode.swift; path = DetailView.swift; sourceTree = "<group>"; };
/* End PBXFileReference section */

/* Begin PBXFrameworksBuildPhase section */
		3B1CB34E2BA28D5B006DCFAF /* Frameworks */ = {
			isa = PBXFrameworksBuildPhase;
			buildActionMask = 2147483647;
			files = (
			);
			runOnlyForDeploymentPostprocessing = 0;
		};
		3B1CB35E2BA28D5E006DCFAF /* Frameworks */ = {
			isa = PBXFrameworksBuildPhase;
			buildActionMask = 2147483647;
			files = (
			);
			runOnlyForDeploymentPostprocessing = 0;
		};
		3B1CB3682BA28D5E006DCFAF /* Frameworks */ = {
			isa = PBXFrameworksBuildPhase;
			buildActionMask = 2147483647;
			files = (
			);
			runOnlyForDeploymentPostprocessing = 0;
		};
/* End PBXFrameworksBuildPhase section */

/* Begin PBXGroup section */
		3B1CB3482BA28D5B006DCFAF = {
			isa = PBXGroup;
			children = (
				3B46A0682BA38DF6007A423A /* Viewmodel */,
				D05FFC2D2C126DC800AC47CD /* View */,
				3B46A0652BA38AB9007A423A /* Model */,
				3B1CB3532BA28D5C006DCFAF /* GithubUserApi */,
				3B1CB3642BA28D5E006DCFAF /* GithubUserApiTests */,
				3B1CB36E2BA28D5E006DCFAF /* GithubUserApiUITests */,
				3B1CB3522BA28D5C006DCFAF /* Products */,
			);
			sourceTree = "<group>";
		};
		3B1CB3522BA28D5C006DCFAF /* Products */ = {
			isa = PBXGroup;
			children = (
				3B1CB3512BA28D5C006DCFAF /* GithubUserApi.app */,
				3B1CB3612BA28D5E006DCFAF /* GithubUserApiTests.xctest */,
				3B1CB36B2BA28D5E006DCFAF /* GithubUserApiUITests.xctest */,
			);
			name = Products;
			sourceTree = "<group>";
		};
		3B1CB3532BA28D5C006DCFAF /* GithubUserApi */ = {
			isa = PBXGroup;
			children = (
				3B1CB3542BA28D5C006DCFAF /* GithubUserApiApp.swift */,
				3B1CB3562BA28D5C006DCFAF /* ContentView.swift */,
				3B1CB3582BA28D5D006DCFAF /* Assets.xcassets */,
				3B1CB35A2BA28D5D006DCFAF /* Preview Content */,
			);
			path = GithubUserApi;
			sourceTree = "<group>";
		};
		3B1CB35A2BA28D5D006DCFAF /* Preview Content */ = {
			isa = PBXGroup;
			children = (
				3B1CB35B2BA28D5D006DCFAF /* Preview Assets.xcassets */,
			);
			path = "Preview Content";
			sourceTree = "<group>";
		};
		3B1CB3642BA28D5E006DCFAF /* GithubUserApiTests */ = {
			isa = PBXGroup;
			children = (
				3B1CB3652BA28D5E006DCFAF /* GithubUserApiTests.swift */,
			);
			path = GithubUserApiTests;
			sourceTree = "<group>";
		};
		3B1CB36E2BA28D5E006DCFAF /* GithubUserApiUITests */ = {
			isa = PBXGroup;
			children = (
				3B1CB36F2BA28D5E006DCFAF /* GithubUserApiUITests.swift */,
				3B1CB3712BA28D5E006DCFAF /* GithubUserApiUITestsLaunchTests.swift */,
			);
			path = GithubUserApiUITests;
			sourceTree = "<group>";
		};
		3B46A0652BA38AB9007A423A /* Model */ = {
			isa = PBXGroup;
			children = (
				3B46A0632BA38AAE007A423A /* listofUsers .swift */,
			);
			path = Model;
			sourceTree = "<group>";
		};
		3B46A0682BA38DF6007A423A /* Viewmodel */ = {
			isa = PBXGroup;
			children = (
				3B46A0662BA38DEC007A423A /* ViewModel.swift */,
			);
			path = Viewmodel;
			sourceTree = "<group>";
		};
		D05FFC2D2C126DC800AC47CD /* View */ = {
			isa = PBXGroup;
			children = (
				3B46A06B2BB48BA0007A423A /* DetailView.swift */,
			);
			path = View;
			sourceTree = "<group>";
		};
/* End PBXGroup section */

/* Begin PBXNativeTarget section */
		3B1CB3502BA28D5B006DCFAF /* GithubUserApi */ = {
			isa = PBXNativeTarget;
			buildConfigurationList = 3B1CB3752BA28D5E006DCFAF /* Build configuration list for PBXNativeTarget "GithubUserApi" */;
			buildPhases = (
				3B1CB34D2BA28D5B006DCFAF /* Sources */,
				3B1CB34E2BA28D5B006DCFAF /* Frameworks */,
				3B1CB34F2BA28D5B006DCFAF /* Resources */,
			);
			buildRules = (
			);
			dependencies = (
			);
			name = GithubUserApi;
			productName = GithubUserApi;
			productReference = 3B1CB3512BA28D5C006DCFAF /* GithubUserApi.app */;
			productType = "com.apple.product-type.application";
		};
		3B1CB3602BA28D5E006DCFAF /* GithubUserApiTests */ = {
			isa = PBXNativeTarget;
			buildConfigurationList = 3B1CB3782BA28D5E006DCFAF /* Build configuration list for PBXNativeTarget "GithubUserApiTests" */;
			buildPhases = (
				3B1CB35D2BA28D5E006DCFAF /* Sources */,
				3B1CB35E2BA28D5E006DCFAF /* Frameworks */,
				3B1CB35F2BA28D5E006DCFAF /* Resources */,
			);
			buildRules = (
			);
			dependencies = (
				3B1CB3632BA28D5E006DCFAF /* PBXTargetDependency */,
			);
			name = GithubUserApiTests;
			productName = GithubUserApiTests;
			productReference = 3B1CB3612BA28D5E006DCFAF /* GithubUserApiTests.xctest */;
			productType = "com.apple.product-type.bundle.unit-test";
		};
		3B1CB36A2BA28D5E006DCFAF /* GithubUserApiUITests */ = {
			isa = PBXNativeTarget;
			buildConfigurationList = 3B1CB37B2BA28D5E006DCFAF /* Build configuration list for PBXNativeTarget "GithubUserApiUITests" */;
			buildPhases = (
				3B1CB3672BA28D5E006DCFAF /* Sources */,
				3B1CB3682BA28D5E006DCFAF /* Frameworks */,
				3B1CB3692BA28D5E006DCFAF /* Resources */,
			);
			buildRules = (
			);
			dependencies = (
				3B1CB36D2BA28D5E006DCFAF /* PBXTargetDependency */,
			);
			name = GithubUserApiUITests;
			productName = GithubUserApiUITests;
			productReference = 3B1CB36B2BA28D5E006DCFAF /* GithubUserApiUITests.xctest */;
			productType = "com.apple.product-type.bundle.ui-testing";
		};
/* End PBXNativeTarget section */

/* Begin PBXProject section */
		3B1CB3492BA28D5B006DCFAF /* Project object */ = {
			isa = PBXProject;
			attributes = {
				BuildIndependentTargetsInParallel = 1;
				LastSwiftUpdateCheck = 1430;
				LastUpgradeCheck = 1430;
				TargetAttributes = {
					3B1CB3502BA28D5B006DCFAF = {
						CreatedOnToolsVersion = 14.3.1;
					};
					3B1CB3602BA28D5E006DCFAF = {
						CreatedOnToolsVersion = 14.3.1;
						TestTargetID = 3B1CB3502BA28D5B006DCFAF;
					};
					3B1CB36A2BA28D5E006DCFAF = {
						CreatedOnToolsVersion = 14.3.1;
						TestTargetID = 3B1CB3502BA28D5B006DCFAF;
					};
				};
			};
			buildConfigurationList = 3B1CB34C2BA28D5B006DCFAF /* Build configuration list for PBXProject "GithubUserApi" */;
			compatibilityVersion = "Xcode 14.0";
			developmentRegion = en;
			hasScannedForEncodings = 0;
			knownRegions = (
				en,
				Base,
			);
			mainGroup = 3B1CB3482BA28D5B006DCFAF;
			productRefGroup = 3B1CB3522BA28D5C006DCFAF /* Products */;
			projectDirPath = "";
			projectRoot = "";
			targets = (
				3B1CB3502BA28D5B006DCFAF /* GithubUserApi */,
				3B1CB3602BA28D5E006DCFAF /* GithubUserApiTests */,
				3B1CB36A2BA28D5E006DCFAF /* GithubUserApiUITests */,
			);
		};
/* End PBXProject section */

/* Begin PBXResourcesBuildPhase section */
		3B1CB34F2BA28D5B006DCFAF /* Resources */ = {
			isa = PBXResourcesBuildPhase;
			buildActionMask = 2147483647;
			files = (
				3B1CB35C2BA28D5D006DCFAF /* Preview Assets.xcassets in Resources */,
				3B1CB3592BA28D5D006DCFAF /* Assets.xcassets in Resources */,
			);
			runOnlyForDeploymentPostprocessing = 0;
		};
		3B1CB35F2BA28D5E006DCFAF /* Resources */ = {
			isa = PBXResourcesBuildPhase;
			buildActionMask = 2147483647;
			files = (
			);
			runOnlyForDeploymentPostprocessing = 0;
		};
		3B1CB3692BA28D5E006DCFAF /* Resources */ = {
			isa = PBXResourcesBuildPhase;
			buildActionMask = 2147483647;
			files = (
			);
			runOnlyForDeploymentPostprocessing = 0;
		};
/* End PBXResourcesBuildPhase section */

/* Begin PBXSourcesBuildPhase section */
		3B1CB34D2BA28D5B006DCFAF /* Sources */ = {
			isa = PBXSourcesBuildPhase;
			buildActionMask = 2147483647;
			files = (
				3B46A0642BA38AAE007A423A /* listofUsers .swift in Sources */,
				3B1CB3572BA28D5C006DCFAF /* ContentView.swift in Sources */,
				3B1CB3552BA28D5C006DCFAF /* GithubUserApiApp.swift in Sources */,
				3B46A0672BA38DEC007A423A /* ViewModel.swift in Sources */,
				3B46A06C2BB48BA0007A423A /* DetailView.swift in Sources */,
			);
			runOnlyForDeploymentPostprocessing = 0;
		};
		3B1CB35D2BA28D5E006DCFAF /* Sources */ = {
			isa = PBXSourcesBuildPhase;
			buildActionMask = 2147483647;
			files = (
				3B1CB3662BA28D5E006DCFAF /* GithubUserApiTests.swift in Sources */,
			);
			runOnlyForDeploymentPostprocessing = 0;
		};
		3B1CB3672BA28D5E006DCFAF /* Sources */ = {
			isa = PBXSourcesBuildPhase;
			buildActionMask = 2147483647;
			files = (
				3B1CB3702BA28D5E006DCFAF /* GithubUserApiUITests.swift in Sources */,
				3B1CB3722BA28D5E006DCFAF /* GithubUserApiUITestsLaunchTests.swift in Sources */,
			);
			runOnlyForDeploymentPostprocessing = 0;
		};
/* End PBXSourcesBuildPhase section */

/* Begin PBXTargetDependency section */
		3B1CB3632BA28D5E006DCFAF /* PBXTargetDependency */ = {
			isa = PBXTargetDependency;
			target = 3B1CB3502BA28D5B006DCFAF /* GithubUserApi */;
			targetProxy = 3B1CB3622BA28D5E006DCFAF /* PBXContainerItemProxy */;
		};
		3B1CB36D2BA28D5E006DCFAF /* PBXTargetDependency */ = {
			isa = PBXTargetDependency;
			target = 3B1CB3502BA28D5B006DCFAF /* GithubUserApi */;
			targetProxy = 3B1CB36C2BA28D5E006DCFAF /* PBXContainerItemProxy */;
		};
/* End PBXTargetDependency section */

/* Begin XCBuildConfiguration section */
		3B1CB3732BA28D5E006DCFAF /* Debug */ = {
			isa = XCBuildConfiguration;
			buildSettings = {
				ALWAYS_SEARCH_USER_PATHS = NO;
				CLANG_ANALYZER_NONNULL = YES;
				CLANG_ANALYZER_NUMBER_OBJECT_CONVERSION = YES_AGGRESSIVE;
				CLANG_CXX_LANGUAGE_STANDARD = "gnu++20";
				CLANG_ENABLE_MODULES = YES;
				CLANG_ENABLE_OBJC_ARC = YES;
				CLANG_ENABLE_OBJC_WEAK = YES;
				CLANG_WARN_BLOCK_CAPTURE_AUTORELEASING = YES;
				CLANG_WARN_BOOL_CONVERSION = YES;
				CLANG_WARN_COMMA = YES;
				CLANG_WARN_CONSTANT_CONVERSION = YES;
				CLANG_WARN_DEPRECATED_OBJC_IMPLEMENTATIONS = YES;
				CLANG_WARN_DIRECT_OBJC_ISA_USAGE = YES_ERROR;
				CLANG_WARN_DOCUMENTATION_COMMENTS = YES;
				CLANG_WARN_EMPTY_BODY = YES;
				CLANG_WARN_ENUM_CONVERSION = YES;
				CLANG_WARN_INFINITE_RECURSION = YES;
				CLANG_WARN_INT_CONVERSION = YES;
				CLANG_WARN_NON_LITERAL_NULL_CONVERSION = YES;
				CLANG_WARN_OBJC_IMPLICIT_RETAIN_SELF = YES;
				CLANG_WARN_OBJC_LITERAL_CONVERSION = YES;
				CLANG_WARN_OBJC_ROOT_CLASS = YES_ERROR;
				CLANG_WARN_QUOTED_INCLUDE_IN_FRAMEWORK_HEADER = YES;
				CLANG_WARN_RANGE_LOOP_ANALYSIS = YES;
				CLANG_WARN_STRICT_PROTOTYPES = YES;
				CLANG_WARN_SUSPICIOUS_MOVE = YES;
				CLANG_WARN_UNGUARDED_AVAILABILITY = YES_AGGRESSIVE;
				CLANG_WARN_UNREACHABLE_CODE = YES;
				CLANG_WARN__DUPLICATE_METHOD_MATCH = YES;
				COPY_PHASE_STRIP = NO;
				DEBUG_INFORMATION_FORMAT = dwarf;
				ENABLE_STRICT_OBJC_MSGSEND = YES;
				ENABLE_TESTABILITY = YES;
				GCC_C_LANGUAGE_STANDARD = gnu11;
				GCC_DYNAMIC_NO_PIC = NO;
				GCC_NO_COMMON_BLOCKS = YES;
				GCC_OPTIMIZATION_LEVEL = 0;
				GCC_PREPROCESSOR_DEFINITIONS = (
					"DEBUG=1",
					"$(inherited)",
				);
				GCC_WARN_64_TO_32_BIT_CONVERSION = YES;
				GCC_WARN_ABOUT_RETURN_TYPE = YES_ERROR;
				GCC_WARN_UNDECLARED_SELECTOR = YES;
				GCC_WARN_UNINITIALIZED_AUTOS = YES_AGGRESSIVE;
				GCC_WARN_UNUSED_FUNCTION = YES;
				GCC_WARN_UNUSED_VARIABLE = YES;
				IPHONEOS_DEPLOYMENT_TARGET = 16.4;
				MTL_ENABLE_DEBUG_INFO = INCLUDE_SOURCE;
				MTL_FAST_MATH = YES;
				ONLY_ACTIVE_ARCH = YES;
				SDKROOT = iphoneos;
				SWIFT_ACTIVE_COMPILATION_CONDITIONS = DEBUG;
				SWIFT_OPTIMIZATION_LEVEL = "-Onone";
			};
			name = Debug;
		};
		3B1CB3742BA28D5E006DCFAF /* Release */ = {
			isa = XCBuildConfiguration;
			buildSettings = {
				ALWAYS_SEARCH_USER_PATHS = NO;
				CLANG_ANALYZER_NONNULL = YES;
				CLANG_ANALYZER_NUMBER_OBJECT_CONVERSION = YES_AGGRESSIVE;
				CLANG_CXX_LANGUAGE_STANDARD = "gnu++20";
				CLANG_ENABLE_MODULES = YES;
				CLANG_ENABLE_OBJC_ARC = YES;
				CLANG_ENABLE_OBJC_WEAK = YES;
				CLANG_WARN_BLOCK_CAPTURE_AUTORELEASING = YES;
				CLANG_WARN_BOOL_CONVERSION = YES;
				CLANG_WARN_COMMA = YES;
				CLANG_WARN_CONSTANT_CONVERSION = YES;
				CLANG_WARN_DEPRECATED_OBJC_IMPLEMENTATIONS = YES;
				CLANG_WARN_DIRECT_OBJC_ISA_USAGE = YES_ERROR;
				CLANG_WARN_DOCUMENTATION_COMMENTS = YES;
				CLANG_WARN_EMPTY_BODY = YES;
				CLANG_WARN_ENUM_CONVERSION = YES;
				CLANG_WARN_INFINITE_RECURSION = YES;
				CLANG_WARN_INT_CONVERSION = YES;
				CLANG_WARN_NON_LITERAL_NULL_CONVERSION = YES;
				CLANG_WARN_OBJC_IMPLICIT_RETAIN_SELF = YES;
				CLANG_WARN_OBJC_LITERAL_CONVERSION = YES;
				CLANG_WARN_OBJC_ROOT_CLASS = YES_ERROR;
				CLANG_WARN_QUOTED_INCLUDE_IN_FRAMEWORK_HEADER = YES;
				CLANG_WARN_RANGE_LOOP_ANALYSIS = YES;
				CLANG_WARN_STRICT_PROTOTYPES = YES;
				CLANG_WARN_SUSPICIOUS_MOVE = YES;
				CLANG_WARN_UNGUARDED_AVAILABILITY = YES_AGGRESSIVE;
				CLANG_WARN_UNREACHABLE_CODE = YES;
				CLANG_WARN__DUPLICATE_METHOD_MATCH = YES;
				COPY_PHASE_STRIP = NO;
				DEBUG_INFORMATION_FORMAT = "dwarf-with-dsym";
				ENABLE_NS_ASSERTIONS = NO;
				ENABLE_STRICT_OBJC_MSGSEND = YES;
				GCC_C_LANGUAGE_STANDARD = gnu11;
				GCC_NO_COMMON_BLOCKS = YES;
				GCC_WARN_64_TO_32_BIT_CONVERSION = YES;
				GCC_WARN_ABOUT_RETURN_TYPE = YES_ERROR;
				GCC_WARN_UNDECLARED_SELECTOR = YES;
				GCC_WARN_UNINITIALIZED_AUTOS = YES_AGGRESSIVE;
				GCC_WARN_UNUSED_FUNCTION = YES;
				GCC_WARN_UNUSED_VARIABLE = YES;
				IPHONEOS_DEPLOYMENT_TARGET = 16.4;
				MTL_ENABLE_DEBUG_INFO = NO;
				MTL_FAST_MATH = YES;
				SDKROOT = iphoneos;
				SWIFT_COMPILATION_MODE = wholemodule;
				SWIFT_OPTIMIZATION_LEVEL = "-O";
				VALIDATE_PRODUCT = YES;
			};
			name = Release;
		};
		3B1CB3762BA28D5E006DCFAF /* Debug */ = {
			isa = XCBuildConfiguration;
			buildSettings = {
				ASSETCATALOG_COMPILER_APPICON_NAME = AppIcon;
				ASSETCATALOG_COMPILER_GLOBAL_ACCENT_COLOR_NAME = AccentColor;
				CODE_SIGN_STYLE = Automatic;
				CURRENT_PROJECT_VERSION = 1;
				DEVELOPMENT_ASSET_PATHS = "\"GithubUserApi/Preview Content\"";
				ENABLE_PREVIEWS = YES;
				GENERATE_INFOPLIST_FILE = YES;
				INFOPLIST_KEY_UIApplicationSceneManifest_Generation = YES;
				INFOPLIST_KEY_UIApplicationSupportsIndirectInputEvents = YES;
				INFOPLIST_KEY_UILaunchScreen_Generation = YES;
				INFOPLIST_KEY_UISupportedInterfaceOrientations_iPad = "UIInterfaceOrientationPortrait UIInterfaceOrientationPortraitUpsideDown UIInterfaceOrientationLandscapeLeft UIInterfaceOrientationLandscapeRight";
				INFOPLIST_KEY_UISupportedInterfaceOrientations_iPhone = "UIInterfaceOrientationPortrait UIInterfaceOrientationLandscapeLeft UIInterfaceOrientationLandscapeRight";
				LD_RUNPATH_SEARCH_PATHS = (
					"$(inherited)",
					"@executable_path/Frameworks",
				);
				MARKETING_VERSION = 1.0;
				PRODUCT_BUNDLE_IDENTIFIER = lr.practica.GithubUserApi;
				PRODUCT_NAME = "$(TARGET_NAME)";
				SWIFT_EMIT_LOC_STRINGS = YES;
				SWIFT_VERSION = 5.0;
				TARGETED_DEVICE_FAMILY = "1,2";
			};
			name = Debug;
		};
		3B1CB3772BA28D5E006DCFAF /* Release */ = {
			isa = XCBuildConfiguration;
			buildSettings = {
				ASSETCATALOG_COMPILER_APPICON_NAME = AppIcon;
				ASSETCATALOG_COMPILER_GLOBAL_ACCENT_COLOR_NAME = AccentColor;
				CODE_SIGN_STYLE = Automatic;
				CURRENT_PROJECT_VERSION = 1;
				DEVELOPMENT_ASSET_PATHS = "\"GithubUserApi/Preview Content\"";
				ENABLE_PREVIEWS = YES;
				GENERATE_INFOPLIST_FILE = YES;
				INFOPLIST_KEY_UIApplicationSceneManifest_Generation = YES;
				INFOPLIST_KEY_UIApplicationSupportsIndirectInputEvents = YES;
				INFOPLIST_KEY_UILaunchScreen_Generation = YES;
				INFOPLIST_KEY_UISupportedInterfaceOrientations_iPad = "UIInterfaceOrientationPortrait UIInterfaceOrientationPortraitUpsideDown UIInterfaceOrientationLandscapeLeft UIInterfaceOrientationLandscapeRight";
				INFOPLIST_KEY_UISupportedInterfaceOrientations_iPhone = "UIInterfaceOrientationPortrait UIInterfaceOrientationLandscapeLeft UIInterfaceOrientationLandscapeRight";
				LD_RUNPATH_SEARCH_PATHS = (
					"$(inherited)",
					"@executable_path/Frameworks",
				);
				MARKETING_VERSION = 1.0;
				PRODUCT_BUNDLE_IDENTIFIER = lr.practica.GithubUserApi;
				PRODUCT_NAME = "$(TARGET_NAME)";
				SWIFT_EMIT_LOC_STRINGS = YES;
				SWIFT_VERSION = 5.0;
				TARGETED_DEVICE_FAMILY = "1,2";
			};
			name = Release;
		};
		3B1CB3792BA28D5E006DCFAF /* Debug */ = {
			isa = XCBuildConfiguration;
			buildSettings = {
				ALWAYS_EMBED_SWIFT_STANDARD_LIBRARIES = YES;
				BUNDLE_LOADER = "$(TEST_HOST)";
				CODE_SIGN_STYLE = Automatic;
				CURRENT_PROJECT_VERSION = 1;
				GENERATE_INFOPLIST_FILE = YES;
				IPHONEOS_DEPLOYMENT_TARGET = 16.4;
				MARKETING_VERSION = 1.0;
				PRODUCT_BUNDLE_IDENTIFIER = lr.practica.GithubUserApiTests;
				PRODUCT_NAME = "$(TARGET_NAME)";
				SWIFT_EMIT_LOC_STRINGS = NO;
				SWIFT_VERSION = 5.0;
				TARGETED_DEVICE_FAMILY = "1,2";
				TEST_HOST = "$(BUILT_PRODUCTS_DIR)/GithubUserApi.app/$(BUNDLE_EXECUTABLE_FOLDER_PATH)/GithubUserApi";
			};
			name = Debug;
		};
		3B1CB37A2BA28D5E006DCFAF /* Release */ = {
			isa = XCBuildConfiguration;
			buildSettings = {
				ALWAYS_EMBED_SWIFT_STANDARD_LIBRARIES = YES;
				BUNDLE_LOADER = "$(TEST_HOST)";
				CODE_SIGN_STYLE = Automatic;
				CURRENT_PROJECT_VERSION = 1;
				GENERATE_INFOPLIST_FILE = YES;
				IPHONEOS_DEPLOYMENT_TARGET = 16.4;
				MARKETING_VERSION = 1.0;
				PRODUCT_BUNDLE_IDENTIFIER = lr.practica.GithubUserApiTests;
				PRODUCT_NAME = "$(TARGET_NAME)";
				SWIFT_EMIT_LOC_STRINGS = NO;
				SWIFT_VERSION = 5.0;
				TARGETED_DEVICE_FAMILY = "1,2";
				TEST_HOST = "$(BUILT_PRODUCTS_DIR)/GithubUserApi.app/$(BUNDLE_EXECUTABLE_FOLDER_PATH)/GithubUserApi";
			};
			name = Release;
		};
		3B1CB37C2BA28D5E006DCFAF /* Debug */ = {
			isa = XCBuildConfiguration;
			buildSettings = {
				ALWAYS_EMBED_SWIFT_STANDARD_LIBRARIES = YES;
				CODE_SIGN_STYLE = Automatic;
				CURRENT_PROJECT_VERSION = 1;
				GENERATE_INFOPLIST_FILE = YES;
				MARKETING_VERSION = 1.0;
				PRODUCT_BUNDLE_IDENTIFIER = lr.practica.GithubUserApiUITests;
				PRODUCT_NAME = "$(TARGET_NAME)";
				SWIFT_EMIT_LOC_STRINGS = NO;
				SWIFT_VERSION = 5.0;
				TARGETED_DEVICE_FAMILY = "1,2";
				TEST_TARGET_NAME = GithubUserApi;
			};
			name = Debug;
		};
		3B1CB37D2BA28D5E006DCFAF /* Release */ = {
			isa = XCBuildConfiguration;
			buildSettings = {
				ALWAYS_EMBED_SWIFT_STANDARD_LIBRARIES = YES;
				CODE_SIGN_STYLE = Automatic;
				CURRENT_PROJECT_VERSION = 1;
				GENERATE_INFOPLIST_FILE = YES;
				MARKETING_VERSION = 1.0;
				PRODUCT_BUNDLE_IDENTIFIER = lr.practica.GithubUserApiUITests;
				PRODUCT_NAME = "$(TARGET_NAME)";
				SWIFT_EMIT_LOC_STRINGS = NO;
				SWIFT_VERSION = 5.0;
				TARGETED_DEVICE_FAMILY = "1,2";
				TEST_TARGET_NAME = GithubUserApi;
			};
			name = Release;
		};
/* End XCBuildConfiguration section */

/* Begin XCConfigurationList section */
		3B1CB34C2BA28D5B006DCFAF /* Build configuration list for PBXProject "GithubUserApi" */ = {
			isa = XCConfigurationList;
			buildConfigurations = (
				3B1CB3732BA28D5E006DCFAF /* Debug */,
				3B1CB3742BA28D5E006DCFAF /* Release */,
			);
			defaultConfigurationIsVisible = 0;
			defaultConfigurationName = Release;
		};
		3B1CB3752BA28D5E006DCFAF /* Build configuration list for PBXNativeTarget "GithubUserApi" */ = {
			isa = XCConfigurationList;
			buildConfigurations = (
				3B1CB3762BA28D5E006DCFAF /* Debug */,
				3B1CB3772BA28D5E006DCFAF /* Release */,
			);
			defaultConfigurationIsVisible = 0;
			defaultConfigurationName = Release;
		};
		3B1CB3782BA28D5E006DCFAF /* Build configuration list for PBXNativeTarget "GithubUserApiTests" */ = {
			isa = XCConfigurationList;
			buildConfigurations = (
				3B1CB3792BA28D5E006DCFAF /* Debug */,
				3B1CB37A2BA28D5E006DCFAF /* Release */,
			);
			defaultConfigurationIsVisible = 0;
			defaultConfigurationName = Release;
		};
		3B1CB37B2BA28D5E006DCFAF /* Build configuration list for PBXNativeTarget "GithubUserApiUITests" */ = {
			isa = XCConfigurationList;
			buildConfigurations = (
				3B1CB37C2BA28D5E006DCFAF /* Debug */,
				3B1CB37D2BA28D5E006DCFAF /* Release */,
			);
			defaultConfigurationIsVisible = 0;
			defaultConfigurationName = Release;
		};
/* End XCConfigurationList section */
	};
	rootObject = 3B1CB3492BA28D5B006DCFAF /* Project object */;
}
